// !$*UTF8*$!
{
	archiveVersion = 1;
	classes = {
	};
	objectVersion = 46;
	objects = {

/* Begin PBXBuildFile section */
		A10F43B319E91BFB00F0A0B8 /* Foundation.framework in Frameworks */ = {isa = PBXBuildFile; fileRef = A10F43B219E91BFB00F0A0B8 /* Foundation.framework */; };
		A10F43B519E91BFB00F0A0B8 /* CoreGraphics.framework in Frameworks */ = {isa = PBXBuildFile; fileRef = A10F43B419E91BFB00F0A0B8 /* CoreGraphics.framework */; };
		A10F43B719E91BFB00F0A0B8 /* UIKit.framework in Frameworks */ = {isa = PBXBuildFile; fileRef = A10F43B619E91BFB00F0A0B8 /* UIKit.framework */; };
		A10F43BD19E91BFB00F0A0B8 /* InfoPlist.strings in Resources */ = {isa = PBXBuildFile; fileRef = A10F43BB19E91BFB00F0A0B8 /* InfoPlist.strings */; };
		A10F43BF19E91BFB00F0A0B8 /* main.m in Sources */ = {isa = PBXBuildFile; fileRef = A10F43BE19E91BFB00F0A0B8 /* main.m */; };
		A10F43C319E91BFB00F0A0B8 /* QBaseAppDelegate.m in Sources */ = {isa = PBXBuildFile; fileRef = A10F43C219E91BFB00F0A0B8 /* QBaseAppDelegate.m */; };
		A10F43C519E91BFB00F0A0B8 /* Images.xcassets in Resources */ = {isa = PBXBuildFile; fileRef = A10F43C419E91BFB00F0A0B8 /* Images.xcassets */; };
		A10F43CC19E91BFB00F0A0B8 /* XCTest.framework in Frameworks */ = {isa = PBXBuildFile; fileRef = A10F43CB19E91BFB00F0A0B8 /* XCTest.framework */; };
		A10F43CD19E91BFB00F0A0B8 /* Foundation.framework in Frameworks */ = {isa = PBXBuildFile; fileRef = A10F43B219E91BFB00F0A0B8 /* Foundation.framework */; };
		A10F43CE19E91BFC00F0A0B8 /* UIKit.framework in Frameworks */ = {isa = PBXBuildFile; fileRef = A10F43B619E91BFB00F0A0B8 /* UIKit.framework */; };
		A10F43D619E91BFC00F0A0B8 /* InfoPlist.strings in Resources */ = {isa = PBXBuildFile; fileRef = A10F43D419E91BFC00F0A0B8 /* InfoPlist.strings */; };
		A10F43D819E91BFC00F0A0B8 /* QBaseNetworkTestTests.m in Sources */ = {isa = PBXBuildFile; fileRef = A10F43D719E91BFC00F0A0B8 /* QBaseNetworkTestTests.m */; };
		A10F43E419E91CEC00F0A0B8 /* QBaseViewController.m in Sources */ = {isa = PBXBuildFile; fileRef = A10F43E319E91CEC00F0A0B8 /* QBaseViewController.m */; };
		A10F43EB19E91CF500F0A0B8 /* Reachability.m in Sources */ = {isa = PBXBuildFile; fileRef = A10F43E719E91CF500F0A0B8 /* Reachability.m */; };
		A10F43EC19E91CF500F0A0B8 /* QBaseNetworkObserver.m in Sources */ = {isa = PBXBuildFile; fileRef = A10F43EA19E91CF500F0A0B8 /* QBaseNetworkObserver.m */; };
/* End PBXBuildFile section */

/* Begin PBXContainerItemProxy section */
		A10F43CF19E91BFC00F0A0B8 /* PBXContainerItemProxy */ = {
			isa = PBXContainerItemProxy;
			containerPortal = A10F43A719E91BFB00F0A0B8 /* Project object */;
			proxyType = 1;
			remoteGlobalIDString = A10F43AE19E91BFB00F0A0B8;
			remoteInfo = QBaseNetworkTest;
		};
/* End PBXContainerItemProxy section */

/* Begin PBXFileReference section */
		A10F43AF19E91BFB00F0A0B8 /* QBaseNetworkTest.app */ = {isa = PBXFileReference; explicitFileType = wrapper.application; includeInIndex = 0; path = QBaseNetworkTest.app; sourceTree = BUILT_PRODUCTS_DIR; };
		A10F43B219E91BFB00F0A0B8 /* Foundation.framework */ = {isa = PBXFileReference; lastKnownFileType = wrapper.framework; name = Foundation.framework; path = System/Library/Frameworks/Foundation.framework; sourceTree = SDKROOT; };
		A10F43B419E91BFB00F0A0B8 /* CoreGraphics.framework */ = {isa = PBXFileReference; lastKnownFileType = wrapper.framework; name = CoreGraphics.framework; path = System/Library/Frameworks/CoreGraphics.framework; sourceTree = SDKROOT; };
		A10F43B619E91BFB00F0A0B8 /* UIKit.framework */ = {isa = PBXFileReference; lastKnownFileType = wrapper.framework; name = UIKit.framework; path = System/Library/Frameworks/UIKit.framework; sourceTree = SDKROOT; };
		A10F43BA19E91BFB00F0A0B8 /* QBaseNetworkTest-Info.plist */ = {isa = PBXFileReference; lastKnownFileType = text.plist.xml; path = "QBaseNetworkTest-Info.plist"; sourceTree = "<group>"; };
		A10F43BC19E91BFB00F0A0B8 /* en */ = {isa = PBXFileReference; lastKnownFileType = text.plist.strings; name = en; path = en.lproj/InfoPlist.strings; sourceTree = "<group>"; };
		A10F43BE19E91BFB00F0A0B8 /* main.m */ = {isa = PBXFileReference; lastKnownFileType = sourcecode.c.objc; path = main.m; sourceTree = "<group>"; };
		A10F43C019E91BFB00F0A0B8 /* QBaseNetworkTest-Prefix.pch */ = {isa = PBXFileReference; lastKnownFileType = sourcecode.c.h; path = "QBaseNetworkTest-Prefix.pch"; sourceTree = "<group>"; };
		A10F43C119E91BFB00F0A0B8 /* QBaseAppDelegate.h */ = {isa = PBXFileReference; lastKnownFileType = sourcecode.c.h; path = QBaseAppDelegate.h; sourceTree = "<group>"; };
		A10F43C219E91BFB00F0A0B8 /* QBaseAppDelegate.m */ = {isa = PBXFileReference; lastKnownFileType = sourcecode.c.objc; path = QBaseAppDelegate.m; sourceTree = "<group>"; };
		A10F43C419E91BFB00F0A0B8 /* Images.xcassets */ = {isa = PBXFileReference; lastKnownFileType = folder.assetcatalog; path = Images.xcassets; sourceTree = "<group>"; };
		A10F43CA19E91BFB00F0A0B8 /* QBaseNetworkTestTests.xctest */ = {isa = PBXFileReference; explicitFileType = wrapper.cfbundle; includeInIndex = 0; path = QBaseNetworkTestTests.xctest; sourceTree = BUILT_PRODUCTS_DIR; };
		A10F43CB19E91BFB00F0A0B8 /* XCTest.framework */ = {isa = PBXFileReference; lastKnownFileType = wrapper.framework; name = XCTest.framework; path = Library/Frameworks/XCTest.framework; sourceTree = DEVELOPER_DIR; };
		A10F43D319E91BFC00F0A0B8 /* QBaseNetworkTestTests-Info.plist */ = {isa = PBXFileReference; lastKnownFileType = text.plist.xml; path = "QBaseNetworkTestTests-Info.plist"; sourceTree = "<group>"; };
		A10F43D519E91BFC00F0A0B8 /* en */ = {isa = PBXFileReference; lastKnownFileType = text.plist.strings; name = en; path = en.lproj/InfoPlist.strings; sourceTree = "<group>"; };
		A10F43D719E91BFC00F0A0B8 /* QBaseNetworkTestTests.m */ = {isa = PBXFileReference; lastKnownFileType = sourcecode.c.objc; path = QBaseNetworkTestTests.m; sourceTree = "<group>"; };
		A10F43E219E91CEC00F0A0B8 /* QBaseViewController.h */ = {isa = PBXFileReference; fileEncoding = 4; lastKnownFileType = sourcecode.c.h; path = QBaseViewController.h; sourceTree = "<group>"; };
		A10F43E319E91CEC00F0A0B8 /* QBaseViewController.m */ = {isa = PBXFileReference; fileEncoding = 4; lastKnownFileType = sourcecode.c.objc; path = QBaseViewController.m; sourceTree = "<group>"; };
		A10F43E619E91CF500F0A0B8 /* Reachability.h */ = {isa = PBXFileReference; fileEncoding = 4; lastKnownFileType = sourcecode.c.h; path = Reachability.h; sourceTree = "<group>"; };
		A10F43E719E91CF500F0A0B8 /* Reachability.m */ = {isa = PBXFileReference; fileEncoding = 4; lastKnownFileType = sourcecode.c.objc; path = Reachability.m; sourceTree = "<group>"; };
		A10F43E919E91CF500F0A0B8 /* QBaseNetworkObserver.h */ = {isa = PBXFileReference; fileEncoding = 4; lastKnownFileType = sourcecode.c.h; path = QBaseNetworkObserver.h; sourceTree = "<group>"; };
		A10F43EA19E91CF500F0A0B8 /* QBaseNetworkObserver.m */ = {isa = PBXFileReference; fileEncoding = 4; lastKnownFileType = sourcecode.c.objc; path = QBaseNetworkObserver.m; sourceTree = "<group>"; };
		A10F43ED19E91D5600F0A0B8 /* QBasePrecompile.h */ = {isa = PBXFileReference; fileEncoding = 4; lastKnownFileType = sourcecode.c.h; name = QBasePrecompile.h; path = ../../QBasePrecompile.h; sourceTree = "<group>"; };
/* End PBXFileReference section */

/* Begin PBXFrameworksBuildPhase section */
		A10F43AC19E91BFB00F0A0B8 /* Frameworks */ = {
			isa = PBXFrameworksBuildPhase;
			buildActionMask = 2147483647;
			files = (
				A10F43B519E91BFB00F0A0B8 /* CoreGraphics.framework in Frameworks */,
				A10F43B719E91BFB00F0A0B8 /* UIKit.framework in Frameworks */,
				A10F43B319E91BFB00F0A0B8 /* Foundation.framework in Frameworks */,
			);
			runOnlyForDeploymentPostprocessing = 0;
		};
		A10F43C719E91BFB00F0A0B8 /* Frameworks */ = {
			isa = PBXFrameworksBuildPhase;
			buildActionMask = 2147483647;
			files = (
				A10F43CC19E91BFB00F0A0B8 /* XCTest.framework in Frameworks */,
				A10F43CE19E91BFC00F0A0B8 /* UIKit.framework in Frameworks */,
				A10F43CD19E91BFB00F0A0B8 /* Foundation.framework in Frameworks */,
			);
			runOnlyForDeploymentPostprocessing = 0;
		};
/* End PBXFrameworksBuildPhase section */

/* Begin PBXGroup section */
		A10F43A619E91BFB00F0A0B8 = {
			isa = PBXGroup;
			children = (
				A10F43ED19E91D5600F0A0B8 /* QBasePrecompile.h */,
				A10F43E519E91CF500F0A0B8 /* lib */,
				A10F43E819E91CF500F0A0B8 /* QBaseNetwork */,
				A10F43B819E91BFB00F0A0B8 /* QBaseNetworkTest */,
				A10F43D119E91BFC00F0A0B8 /* QBaseNetworkTestTests */,
				A10F43B119E91BFB00F0A0B8 /* Frameworks */,
				A10F43B019E91BFB00F0A0B8 /* Products */,
			);
			sourceTree = "<group>";
		};
		A10F43B019E91BFB00F0A0B8 /* Products */ = {
			isa = PBXGroup;
			children = (
				A10F43AF19E91BFB00F0A0B8 /* QBaseNetworkTest.app */,
				A10F43CA19E91BFB00F0A0B8 /* QBaseNetworkTestTests.xctest */,
			);
			name = Products;
			sourceTree = "<group>";
		};
		A10F43B119E91BFB00F0A0B8 /* Frameworks */ = {
			isa = PBXGroup;
			children = (
				A10F43B219E91BFB00F0A0B8 /* Foundation.framework */,
				A10F43B419E91BFB00F0A0B8 /* CoreGraphics.framework */,
				A10F43B619E91BFB00F0A0B8 /* UIKit.framework */,
				A10F43CB19E91BFB00F0A0B8 /* XCTest.framework */,
			);
			name = Frameworks;
			sourceTree = "<group>";
		};
		A10F43B819E91BFB00F0A0B8 /* QBaseNetworkTest */ = {
			isa = PBXGroup;
			children = (
				A10F43E119E91CEC00F0A0B8 /* Class */,
				A10F43C119E91BFB00F0A0B8 /* QBaseAppDelegate.h */,
				A10F43C219E91BFB00F0A0B8 /* QBaseAppDelegate.m */,
				A10F43C419E91BFB00F0A0B8 /* Images.xcassets */,
				A10F43B919E91BFB00F0A0B8 /* Supporting Files */,
			);
			path = QBaseNetworkTest;
			sourceTree = "<group>";
		};
		A10F43B919E91BFB00F0A0B8 /* Supporting Files */ = {
			isa = PBXGroup;
			children = (
				A10F43BA19E91BFB00F0A0B8 /* QBaseNetworkTest-Info.plist */,
				A10F43BB19E91BFB00F0A0B8 /* InfoPlist.strings */,
				A10F43BE19E91BFB00F0A0B8 /* main.m */,
				A10F43C019E91BFB00F0A0B8 /* QBaseNetworkTest-Prefix.pch */,
			);
			name = "Supporting Files";
			sourceTree = "<group>";
		};
		A10F43D119E91BFC00F0A0B8 /* QBaseNetworkTestTests */ = {
			isa = PBXGroup;
			children = (
				A10F43D719E91BFC00F0A0B8 /* QBaseNetworkTestTests.m */,
				A10F43D219E91BFC00F0A0B8 /* Supporting Files */,
			);
			path = QBaseNetworkTestTests;
			sourceTree = "<group>";
		};
		A10F43D219E91BFC00F0A0B8 /* Supporting Files */ = {
			isa = PBXGroup;
			children = (
				A10F43D319E91BFC00F0A0B8 /* QBaseNetworkTestTests-Info.plist */,
				A10F43D419E91BFC00F0A0B8 /* InfoPlist.strings */,
			);
			name = "Supporting Files";
			sourceTree = "<group>";
		};
		A10F43E119E91CEC00F0A0B8 /* Class */ = {
			isa = PBXGroup;
			children = (
				A10F43E219E91CEC00F0A0B8 /* QBaseViewController.h */,
				A10F43E319E91CEC00F0A0B8 /* QBaseViewController.m */,
			);
			path = Class;
			sourceTree = "<group>";
		};
		A10F43E519E91CF500F0A0B8 /* lib */ = {
			isa = PBXGroup;
			children = (
				A10F43E619E91CF500F0A0B8 /* Reachability.h */,
				A10F43E719E91CF500F0A0B8 /* Reachability.m */,
			);
			name = lib;
			path = ../../lib;
			sourceTree = "<group>";
		};
		A10F43E819E91CF500F0A0B8 /* QBaseNetwork */ = {
			isa = PBXGroup;
			children = (
				A10F43E919E91CF500F0A0B8 /* QBaseNetworkObserver.h */,
				A10F43EA19E91CF500F0A0B8 /* QBaseNetworkObserver.m */,
			);
			name = QBaseNetwork;
			path = ../../QBaseNetwork;
			sourceTree = "<group>";
		};
/* End PBXGroup section */

/* Begin PBXNativeTarget section */
		A10F43AE19E91BFB00F0A0B8 /* QBaseNetworkTest */ = {
			isa = PBXNativeTarget;
			buildConfigurationList = A10F43DB19E91BFC00F0A0B8 /* Build configuration list for PBXNativeTarget "QBaseNetworkTest" */;
			buildPhases = (
				A10F43AB19E91BFB00F0A0B8 /* Sources */,
				A10F43AC19E91BFB00F0A0B8 /* Frameworks */,
				A10F43AD19E91BFB00F0A0B8 /* Resources */,
			);
			buildRules = (
			);
			dependencies = (
			);
			name = QBaseNetworkTest;
			productName = QBaseNetworkTest;
			productReference = A10F43AF19E91BFB00F0A0B8 /* QBaseNetworkTest.app */;
			productType = "com.apple.product-type.application";
		};
		A10F43C919E91BFB00F0A0B8 /* QBaseNetworkTestTests */ = {
			isa = PBXNativeTarget;
			buildConfigurationList = A10F43DE19E91BFC00F0A0B8 /* Build configuration list for PBXNativeTarget "QBaseNetworkTestTests" */;
			buildPhases = (
				A10F43C619E91BFB00F0A0B8 /* Sources */,
				A10F43C719E91BFB00F0A0B8 /* Frameworks */,
				A10F43C819E91BFB00F0A0B8 /* Resources */,
			);
			buildRules = (
			);
			dependencies = (
				A10F43D019E91BFC00F0A0B8 /* PBXTargetDependency */,
			);
			name = QBaseNetworkTestTests;
			productName = QBaseNetworkTestTests;
			productReference = A10F43CA19E91BFB00F0A0B8 /* QBaseNetworkTestTests.xctest */;
			productType = "com.apple.product-type.bundle.unit-test";
		};
/* End PBXNativeTarget section */

/* Begin PBXProject section */
		A10F43A719E91BFB00F0A0B8 /* Project object */ = {
			isa = PBXProject;
			attributes = {
				CLASSPREFIX = QBase;
				LastUpgradeCheck = 0510;
				ORGANIZATIONNAME = "Andy Jin";
				TargetAttributes = {
					A10F43C919E91BFB00F0A0B8 = {
						TestTargetID = A10F43AE19E91BFB00F0A0B8;
					};
				};
			};
			buildConfigurationList = A10F43AA19E91BFB00F0A0B8 /* Build configuration list for PBXProject "QBaseNetworkTest" */;
			compatibilityVersion = "Xcode 3.2";
			developmentRegion = English;
			hasScannedForEncodings = 0;
			knownRegions = (
				en,
			);
			mainGroup = A10F43A619E91BFB00F0A0B8;
			productRefGroup = A10F43B019E91BFB00F0A0B8 /* Products */;
			projectDirPath = "";
			projectRoot = "";
			targets = (
				A10F43AE19E91BFB00F0A0B8 /* QBaseNetworkTest */,
				A10F43C919E91BFB00F0A0B8 /* QBaseNetworkTestTests */,
			);
		};
/* End PBXProject section */

/* Begin PBXResourcesBuildPhase section */
		A10F43AD19E91BFB00F0A0B8 /* Resources */ = {
			isa = PBXResourcesBuildPhase;
			buildActionMask = 2147483647;
			files = (
				A10F43BD19E91BFB00F0A0B8 /* InfoPlist.strings in Resources */,
				A10F43C519E91BFB00F0A0B8 /* Images.xcassets in Resources */,
			);
			runOnlyForDeploymentPostprocessing = 0;
		};
		A10F43C819E91BFB00F0A0B8 /* Resources */ = {
			isa = PBXResourcesBuildPhase;
			buildActionMask = 2147483647;
			files = (
				A10F43D619E91BFC00F0A0B8 /* InfoPlist.strings in Resources */,
			);
			runOnlyForDeploymentPostprocessing = 0;
		};
/* End PBXResourcesBuildPhase section */

/* Begin PBXSourcesBuildPhase section */
		A10F43AB19E91BFB00F0A0B8 /* Sources */ = {
			isa = PBXSourcesBuildPhase;
			buildActionMask = 2147483647;
			files = (
				A10F43BF19E91BFB00F0A0B8 /* main.m in Sources */,
				A10F43EC19E91CF500F0A0B8 /* QBaseNetworkObserver.m in Sources */,
				A10F43C319E91BFB00F0A0B8 /* QBaseAppDelegate.m in Sources */,
				A10F43EB19E91CF500F0A0B8 /* Reachability.m in Sources */,
				A10F43E419E91CEC00F0A0B8 /* QBaseViewController.m in Sources */,
			);
			runOnlyForDeploymentPostprocessing = 0;
		};
		A10F43C619E91BFB00F0A0B8 /* Sources */ = {
			isa = PBXSourcesBuildPhase;
			buildActionMask = 2147483647;
			files = (
				A10F43D819E91BFC00F0A0B8 /* QBaseNetworkTestTests.m in Sources */,
			);
			runOnlyForDeploymentPostprocessing = 0;
		};
/* End PBXSourcesBuildPhase section */

/* Begin PBXTargetDependency section */
		A10F43D019E91BFC00F0A0B8 /* PBXTargetDependency */ = {
			isa = PBXTargetDependency;
			target = A10F43AE19E91BFB00F0A0B8 /* QBaseNetworkTest */;
			targetProxy = A10F43CF19E91BFC00F0A0B8 /* PBXContainerItemProxy */;
		};
/* End PBXTargetDependency section */

/* Begin PBXVariantGroup section */
		A10F43BB19E91BFB00F0A0B8 /* InfoPlist.strings */ = {
			isa = PBXVariantGroup;
			children = (
				A10F43BC19E91BFB00F0A0B8 /* en */,
			);
			name = InfoPlist.strings;
			sourceTree = "<group>";
		};
		A10F43D419E91BFC00F0A0B8 /* InfoPlist.strings */ = {
			isa = PBXVariantGroup;
			children = (
				A10F43D519E91BFC00F0A0B8 /* en */,
			);
			name = InfoPlist.strings;
			sourceTree = "<group>";
		};
/* End PBXVariantGroup section */

/* Begin XCBuildConfiguration section */
		A10F43D919E91BFC00F0A0B8 /* Debug */ = {
			isa = XCBuildConfiguration;
			buildSettings = {
				ALWAYS_SEARCH_USER_PATHS = NO;
				CLANG_CXX_LANGUAGE_STANDARD = "gnu++0x";
				CLANG_CXX_LIBRARY = "libc++";
				CLANG_ENABLE_MODULES = YES;
				CLANG_ENABLE_OBJC_ARC = YES;
				CLANG_WARN_BOOL_CONVERSION = YES;
				CLANG_WARN_CONSTANT_CONVERSION = YES;
				CLANG_WARN_DIRECT_OBJC_ISA_USAGE = YES_ERROR;
				CLANG_WARN_EMPTY_BODY = YES;
				CLANG_WARN_ENUM_CONVERSION = YES;
				CLANG_WARN_INT_CONVERSION = YES;
				CLANG_WARN_OBJC_ROOT_CLASS = YES_ERROR;
				CLANG_WARN__DUPLICATE_METHOD_MATCH = YES;
				"CODE_SIGN_IDENTITY[sdk=iphoneos*]" = "iPhone Developer";
				COPY_PHASE_STRIP = NO;
				GCC_C_LANGUAGE_STANDARD = gnu99;
				GCC_DYNAMIC_NO_PIC = NO;
				GCC_OPTIMIZATION_LEVEL = 0;
				GCC_PREPROCESSOR_DEFINITIONS = (
					"DEBUG=1",
					"$(inherited)",
				);
				GCC_SYMBOLS_PRIVATE_EXTERN = NO;
				GCC_WARN_64_TO_32_BIT_CONVERSION = YES;
				GCC_WARN_ABOUT_RETURN_TYPE = YES_ERROR;
				GCC_WARN_UNDECLARED_SELECTOR = YES;
				GCC_WARN_UNINITIALIZED_AUTOS = YES_AGGRESSIVE;
				GCC_WARN_UNUSED_FUNCTION = YES;
				GCC_WARN_UNUSED_VARIABLE = YES;
				IPHONEOS_DEPLOYMENT_TARGET = 7.1;
				ONLY_ACTIVE_ARCH = YES;
				SDKROOT = iphoneos;
				TARGETED_DEVICE_FAMILY = "1,2";
			};
			name = Debug;
		};
		A10F43DA19E91BFC00F0A0B8 /* Release */ = {
			isa = XCBuildConfiguration;
			buildSettings = {
				ALWAYS_SEARCH_USER_PATHS = NO;
				CLANG_CXX_LANGUAGE_STANDARD = "gnu++0x";
				CLANG_CXX_LIBRARY = "libc++";
				CLANG_ENABLE_MODULES = YES;
				CLANG_ENABLE_OBJC_ARC = YES;
				CLANG_WARN_BOOL_CONVERSION = YES;
				CLANG_WARN_CONSTANT_CONVERSION = YES;
				CLANG_WARN_DIRECT_OBJC_ISA_USAGE = YES_ERROR;
				CLANG_WARN_EMPTY_BODY = YES;
				CLANG_WARN_ENUM_CONVERSION = YES;
				CLANG_WARN_INT_CONVERSION = YES;
				CLANG_WARN_OBJC_ROOT_CLASS = YES_ERROR;
				CLANG_WARN__DUPLICATE_METHOD_MATCH = YES;
				"CODE_SIGN_IDENTITY[sdk=iphoneos*]" = "iPhone Developer";
				COPY_PHASE_STRIP = YES;
				ENABLE_NS_ASSERTIONS = NO;
				GCC_C_LANGUAGE_STANDARD = gnu99;
				GCC_WARN_64_TO_32_BIT_CONVERSION = YES;
				GCC_WARN_ABOUT_RETURN_TYPE = YES_ERROR;
				GCC_WARN_UNDECLARED_SELECTOR = YES;
				GCC_WARN_UNINITIALIZED_AUTOS = YES_AGGRESSIVE;
				GCC_WARN_UNUSED_FUNCTION = YES;
				GCC_WARN_UNUSED_VARIABLE = YES;
				IPHONEOS_DEPLOYMENT_TARGET = 7.1;
				SDKROOT = iphoneos;
				TARGETED_DEVICE_FAMILY = "1,2";
				VALIDATE_PRODUCT = YES;
			};
			name = Release;
		};
		A10F43DC19E91BFC00F0A0B8 /* Debug */ = {
			isa = XCBuildConfiguration;
			buildSettings = {
				ASSETCATALOG_COMPILER_APPICON_NAME = AppIcon;
				ASSETCATALOG_COMPILER_LAUNCHIMAGE_NAME = LaunchImage;
				CODE_SIGN_IDENTITY = "iPhone Developer: shilong sang (9T3353N28G)";
				GCC_PRECOMPILE_PREFIX_HEADER = YES;
				GCC_PREFIX_HEADER = "QBaseNetworkTest/QBaseNetworkTest-Prefix.pch";
				INFOPLIST_FILE = "QBaseNetworkTest/QBaseNetworkTest-Info.plist";
				PRODUCT_NAME = "$(TARGET_NAME)";
				PROVISIONING_PROFILE = "704CE6A8-10D7-42D3-93C7-91790A0B384B";
				WRAPPER_EXTENSION = app;
			};
			name = Debug;
		};
		A10F43DD19E91BFC00F0A0B8 /* Release */ = {
			isa = XCBuildConfiguration;
			buildSettings = {
				ASSETCATALOG_COMPILER_APPICON_NAME = AppIcon;
				ASSETCATALOG_COMPILER_LAUNCHIMAGE_NAME = LaunchImage;
				CODE_SIGN_IDENTITY = "iPhone Developer: shilong sang (9T3353N28G)";
				GCC_PRECOMPILE_PREFIX_HEADER = YES;
				GCC_PREFIX_HEADER = "QBaseNetworkTest/QBaseNetworkTest-Prefix.pch";
				INFOPLIST_FILE = "QBaseNetworkTest/QBaseNetworkTest-Info.plist";
				PRODUCT_NAME = "$(TARGET_NAME)";
				PROVISIONING_PROFILE = "704CE6A8-10D7-42D3-93C7-91790A0B384B";
				WRAPPER_EXTENSION = app;
			};
			name = Release;
		};
		A10F43DF19E91BFC00F0A0B8 /* Debug */ = {
			isa = XCBuildConfiguration;
			buildSettings = {
				BUNDLE_LOADER = "$(BUILT_PRODUCTS_DIR)/QBaseNetworkTest.app/QBaseNetworkTest";
				FRAMEWORK_SEARCH_PATHS = (
					"$(SDKROOT)/Developer/Library/Frameworks",
					"$(inherited)",
					"$(DEVELOPER_FRAMEWORKS_DIR)",
				);
				GCC_PRECOMPILE_PREFIX_HEADER = YES;
				GCC_PREFIX_HEADER = "QBaseNetworkTest/QBaseNetworkTest-Prefix.pch";
				GCC_PREPROCESSOR_DEFINITIONS = (
					"DEBUG=1",
					"$(inherited)",
				);
				INFOPLIST_FILE = "QBaseNetworkTestTests/QBaseNetworkTestTests-Info.plist";
				PRODUCT_NAME = "$(TARGET_NAME)";
				TEST_HOST = "$(BUNDLE_LOADER)";
				WRAPPER_EXTENSION = xctest;
			};
			name = Debug;
		};
		A10F43E019E91BFC00F0A0B8 /* Release */ = {
			isa = XCBuildConfiguration;
			buildSettings = {
				BUNDLE_LOADER = "$(BUILT_PRODUCTS_DIR)/QBaseNetworkTest.app/QBaseNetworkTest";
				FRAMEWORK_SEARCH_PATHS = (
					"$(SDKROOT)/Developer/Library/Frameworks",
					"$(inherited)",
					"$(DEVELOPER_FRAMEWORKS_DIR)",
				);
				GCC_PRECOMPILE_PREFIX_HEADER = YES;
				GCC_PREFIX_HEADER = "QBaseNetworkTest/QBaseNetworkTest-Prefix.pch";
				INFOPLIST_FILE = "QBaseNetworkTestTests/QBaseNetworkTestTests-Info.plist";
				PRODUCT_NAME = "$(TARGET_NAME)";
				TEST_HOST = "$(BUNDLE_LOADER)";
				WRAPPER_EXTENSION = xctest;
			};
			name = Release;
		};
/* End XCBuildConfiguration section */

/* Begin XCConfigurationList section */
		A10F43AA19E91BFB00F0A0B8 /* Build configuration list for PBXProject "QBaseNetworkTest" */ = {
			isa = XCConfigurationList;
			buildConfigurations = (
				A10F43D919E91BFC00F0A0B8 /* Debug */,
				A10F43DA19E91BFC00F0A0B8 /* Release */,
			);
			defaultConfigurationIsVisible = 0;
			defaultConfigurationName = Release;
		};
		A10F43DB19E91BFC00F0A0B8 /* Build configuration list for PBXNativeTarget "QBaseNetworkTest" */ = {
			isa = XCConfigurationList;
			buildConfigurations = (
				A10F43DC19E91BFC00F0A0B8 /* Debug */,
				A10F43DD19E91BFC00F0A0B8 /* Release */,
			);
			defaultConfigurationIsVisible = 0;
			defaultConfigurationName = Release;
		};
		A10F43DE19E91BFC00F0A0B8 /* Build configuration list for PBXNativeTarget "QBaseNetworkTestTests" */ = {
			isa = XCConfigurationList;
			buildConfigurations = (
				A10F43DF19E91BFC00F0A0B8 /* Debug */,
				A10F43E019E91BFC00F0A0B8 /* Release */,
			);
			defaultConfigurationIsVisible = 0;
			defaultConfigurationName = Release;
		};
/* End XCConfigurationList section */
	};
	rootObject = A10F43A719E91BFB00F0A0B8 /* Project object */;
}
